// !$*UTF8*$!
{
	archiveVersion = 1;
	classes = {
	};
	objectVersion = 50;
	objects = {

/* Begin PBXBuildFile section */
		FA2A40F02549A891004720EA /* AppDelegate.swift in Sources */ = {isa = PBXBuildFile; fileRef = FA2A40EF2549A891004720EA /* AppDelegate.swift */; };
		FA2A40F22549A891004720EA /* SceneDelegate.swift in Sources */ = {isa = PBXBuildFile; fileRef = FA2A40F12549A891004720EA /* SceneDelegate.swift */; };
		FA2A40F42549A891004720EA /* SecondViewController.swift in Sources */ = {isa = PBXBuildFile; fileRef = FA2A40F32549A891004720EA /* SecondViewController.swift */; };
		FA2A40F72549A891004720EA /* Main.storyboard in Resources */ = {isa = PBXBuildFile; fileRef = FA2A40F52549A891004720EA /* Main.storyboard */; };
		FA2A40F92549A892004720EA /* Assets.xcassets in Resources */ = {isa = PBXBuildFile; fileRef = FA2A40F82549A892004720EA /* Assets.xcassets */; };
		FA2A40FC2549A892004720EA /* LaunchScreen.storyboard in Resources */ = {isa = PBXBuildFile; fileRef = FA2A40FA2549A892004720EA /* LaunchScreen.storyboard */; };
		FA8D8A08254ABA9F008B6E5C /* UIApplication+StatusView.swift in Sources */ = {isa = PBXBuildFile; fileRef = FA8D8A07254ABA9E008B6E5C /* UIApplication+StatusView.swift */; };
		FA8D8A0D254ABAC4008B6E5C /* UINavigationBar+Cusom.swift in Sources */ = {isa = PBXBuildFile; fileRef = FA8D8A0C254ABAC4008B6E5C /* UINavigationBar+Cusom.swift */; };
		FAB75E0E254AC99700BE34A6 /* ScrollBarTransitionController.swift in Sources */ = {isa = PBXBuildFile; fileRef = FAB75E0D254AC99700BE34A6 /* ScrollBarTransitionController.swift */; };
/* End PBXBuildFile section */

/* Begin PBXFileReference section */
		FA2A40EC2549A891004720EA /* ScrollBarTransition.app */ = {isa = PBXFileReference; explicitFileType = wrapper.application; includeInIndex = 0; path = ScrollBarTransition.app; sourceTree = BUILT_PRODUCTS_DIR; };
		FA2A40EF2549A891004720EA /* AppDelegate.swift */ = {isa = PBXFileReference; lastKnownFileType = sourcecode.swift; path = AppDelegate.swift; sourceTree = "<group>"; };
		FA2A40F12549A891004720EA /* SceneDelegate.swift */ = {isa = PBXFileReference; lastKnownFileType = sourcecode.swift; path = SceneDelegate.swift; sourceTree = "<group>"; };
		FA2A40F32549A891004720EA /* SecondViewController.swift */ = {isa = PBXFileReference; lastKnownFileType = sourcecode.swift; path = SecondViewController.swift; sourceTree = "<group>"; };
		FA2A40F62549A891004720EA /* Base */ = {isa = PBXFileReference; lastKnownFileType = file.storyboard; name = Base; path = Base.lproj/Main.storyboard; sourceTree = "<group>"; };
		FA2A40F82549A892004720EA /* Assets.xcassets */ = {isa = PBXFileReference; lastKnownFileType = folder.assetcatalog; path = Assets.xcassets; sourceTree = "<group>"; };
		FA2A40FB2549A892004720EA /* Base */ = {isa = PBXFileReference; lastKnownFileType = file.storyboard; name = Base; path = Base.lproj/LaunchScreen.storyboard; sourceTree = "<group>"; };
		FA2A40FD2549A892004720EA /* Info.plist */ = {isa = PBXFileReference; lastKnownFileType = text.plist.xml; path = Info.plist; sourceTree = "<group>"; };
		FA8D8A07254ABA9E008B6E5C /* UIApplication+StatusView.swift */ = {isa = PBXFileReference; lastKnownFileType = sourcecode.swift; path = "UIApplication+StatusView.swift"; sourceTree = "<group>"; };
		FA8D8A0C254ABAC4008B6E5C /* UINavigationBar+Cusom.swift */ = {isa = PBXFileReference; lastKnownFileType = sourcecode.swift; path = "UINavigationBar+Cusom.swift"; sourceTree = "<group>"; };
		FAB75E0D254AC99700BE34A6 /* ScrollBarTransitionController.swift */ = {isa = PBXFileReference; lastKnownFileType = sourcecode.swift; path = ScrollBarTransitionController.swift; sourceTree = "<group>"; };
/* End PBXFileReference section */

/* Begin PBXFrameworksBuildPhase section */
		FA2A40E92549A891004720EA /* Frameworks */ = {
			isa = PBXFrameworksBuildPhase;
			buildActionMask = 2147483647;
			files = (
			);
			runOnlyForDeploymentPostprocessing = 0;
		};
/* End PBXFrameworksBuildPhase section */

/* Begin PBXGroup section */
		FA2A40E32549A891004720EA = {
			isa = PBXGroup;
			children = (
				FA2A40EE2549A891004720EA /* ScrollBarTransition */,
				FA2A40ED2549A891004720EA /* Products */,
			);
			sourceTree = "<group>";
		};
		FA2A40ED2549A891004720EA /* Products */ = {
			isa = PBXGroup;
			children = (
				FA2A40EC2549A891004720EA /* ScrollBarTransition.app */,
			);
			name = Products;
			sourceTree = "<group>";
		};
		FA2A40EE2549A891004720EA /* ScrollBarTransition */ = {
			isa = PBXGroup;
			children = (
				FA2A40EF2549A891004720EA /* AppDelegate.swift */,
				FA2A40F12549A891004720EA /* SceneDelegate.swift */,
				FAB75E10254ACBDE00BE34A6 /* ViewControllers */,
				FA8D8A0A254ABAA8008B6E5C /* Extensions */,
				FA2A40F52549A891004720EA /* Main.storyboard */,
				FA2A40F82549A892004720EA /* Assets.xcassets */,
				FA2A40FA2549A892004720EA /* LaunchScreen.storyboard */,
				FA2A40FD2549A892004720EA /* Info.plist */,
			);
			path = ScrollBarTransition;
			sourceTree = "<group>";
		};
		FA8D8A0A254ABAA8008B6E5C /* Extensions */ = {
			isa = PBXGroup;
			children = (
				FA8D8A07254ABA9E008B6E5C /* UIApplication+StatusView.swift */,
				FA8D8A0C254ABAC4008B6E5C /* UINavigationBar+Cusom.swift */,
			);
			path = Extensions;
			sourceTree = "<group>";
		};
		FAB75E10254ACBDE00BE34A6 /* ViewControllers */ = {
			isa = PBXGroup;
			children = (
				FAB75E0D254AC99700BE34A6 /* ScrollBarTransitionController.swift */,
				FA2A40F32549A891004720EA /* SecondViewController.swift */,
			);
			path = ViewControllers;
			sourceTree = "<group>";
		};
/* End PBXGroup section */

/* Begin PBXNativeTarget section */
		FA2A40EB2549A891004720EA /* ScrollBarTransition */ = {
			isa = PBXNativeTarget;
			buildConfigurationList = FA2A41002549A892004720EA /* Build configuration list for PBXNativeTarget "ScrollBarTransition" */;
			buildPhases = (
				FA2A40E82549A891004720EA /* Sources */,
				FA2A40E92549A891004720EA /* Frameworks */,
				FA2A40EA2549A891004720EA /* Resources */,
			);
			buildRules = (
			);
			dependencies = (
			);
			name = ScrollBarTransition;
			productName = NavBarCustomTest;
			productReference = FA2A40EC2549A891004720EA /* ScrollBarTransition.app */;
			productType = "com.apple.product-type.application";
		};
/* End PBXNativeTarget section */

/* Begin PBXProject section */
		FA2A40E42549A891004720EA /* Project object */ = {
			isa = PBXProject;
			attributes = {
				LastSwiftUpdateCheck = 1210;
				LastUpgradeCheck = 1210;
				TargetAttributes = {
					FA2A40EB2549A891004720EA = {
						CreatedOnToolsVersion = 12.1;
					};
				};
			};
			buildConfigurationList = FA2A40E72549A891004720EA /* Build configuration list for PBXProject "ScrollBarTransition" */;
			compatibilityVersion = "Xcode 9.3";
			developmentRegion = en;
			hasScannedForEncodings = 0;
			knownRegions = (
				en,
				Base,
			);
			mainGroup = FA2A40E32549A891004720EA;
			productRefGroup = FA2A40ED2549A891004720EA /* Products */;
			projectDirPath = "";
			projectRoot = "";
			targets = (
				FA2A40EB2549A891004720EA /* ScrollBarTransition */,
			);
		};
/* End PBXProject section */

/* Begin PBXResourcesBuildPhase section */
		FA2A40EA2549A891004720EA /* Resources */ = {
			isa = PBXResourcesBuildPhase;
			buildActionMask = 2147483647;
			files = (
				FA2A40FC2549A892004720EA /* LaunchScreen.storyboard in Resources */,
				FA2A40F92549A892004720EA /* Assets.xcassets in Resources */,
				FA2A40F72549A891004720EA /* Main.storyboard in Resources */,
			);
			runOnlyForDeploymentPostprocessing = 0;
		};
/* End PBXResourcesBuildPhase section */

/* Begin PBXSourcesBuildPhase section */
		FA2A40E82549A891004720EA /* Sources */ = {
			isa = PBXSourcesBuildPhase;
			buildActionMask = 2147483647;
			files = (
				FA2A40F42549A891004720EA /* SecondViewController.swift in Sources */,
				FA2A40F02549A891004720EA /* AppDelegate.swift in Sources */,
				FAB75E0E254AC99700BE34A6 /* ScrollBarTransitionController.swift in Sources */,
				FA2A40F22549A891004720EA /* SceneDelegate.swift in Sources */,
				FA8D8A0D254ABAC4008B6E5C /* UINavigationBar+Cusom.swift in Sources */,
				FA8D8A08254ABA9F008B6E5C /* UIApplication+StatusView.swift in Sources */,
			);
			runOnlyForDeploymentPostprocessing = 0;
		};
/* End PBXSourcesBuildPhase section */

/* Begin PBXVariantGroup section */
		FA2A40F52549A891004720EA /* Main.storyboard */ = {
			isa = PBXVariantGroup;
			children = (
				FA2A40F62549A891004720EA /* Base */,
			);
			name = Main.storyboard;
			sourceTree = "<group>";
		};
		FA2A40FA2549A892004720EA /* LaunchScreen.storyboard */ = {
			isa = PBXVariantGroup;
			children = (
				FA2A40FB2549A892004720EA /* Base */,
			);
			name = LaunchScreen.storyboard;
			sourceTree = "<group>";
		};
/* End PBXVariantGroup section */

/* Begin XCBuildConfiguration section */
		FA2A40FE2549A892004720EA /* Debug */ = {
			isa = XCBuildConfiguration;
			buildSettings = {
				ALWAYS_SEARCH_USER_PATHS = NO;
				CLANG_ANALYZER_NONNULL = YES;
				CLANG_ANALYZER_NUMBER_OBJECT_CONVERSION = YES_AGGRESSIVE;
				CLANG_CXX_LANGUAGE_STANDARD = "gnu++14";
				CLANG_CXX_LIBRARY = "libc++";
				CLANG_ENABLE_MODULES = YES;
				CLANG_ENABLE_OBJC_ARC = YES;
				CLANG_ENABLE_OBJC_WEAK = YES;
				CLANG_WARN_BLOCK_CAPTURE_AUTORELEASING = YES;
				CLANG_WARN_BOOL_CONVERSION = YES;
				CLANG_WARN_COMMA = YES;
				CLANG_WARN_CONSTANT_CONVERSION = YES;
				CLANG_WARN_DEPRECATED_OBJC_IMPLEMENTATIONS = YES;
				CLANG_WARN_DIRECT_OBJC_ISA_USAGE = YES_ERROR;
				CLANG_WARN_DOCUMENTATION_COMMENTS = YES;
				CLANG_WARN_EMPTY_BODY = YES;
				CLANG_WARN_ENUM_CONVERSION = YES;
				CLANG_WARN_INFINITE_RECURSION = YES;
				CLANG_WARN_INT_CONVERSION = YES;
				CLANG_WARN_NON_LITERAL_NULL_CONVERSION = YES;
				CLANG_WARN_OBJC_IMPLICIT_RETAIN_SELF = YES;
				CLANG_WARN_OBJC_LITERAL_CONVERSION = YES;
				CLANG_WARN_OBJC_ROOT_CLASS = YES_ERROR;
				CLANG_WARN_QUOTED_INCLUDE_IN_FRAMEWORK_HEADER = YES;
				CLANG_WARN_RANGE_LOOP_ANALYSIS = YES;
				CLANG_WARN_STRICT_PROTOTYPES = YES;
				CLANG_WARN_SUSPICIOUS_MOVE = YES;
				CLANG_WARN_UNGUARDED_AVAILABILITY = YES_AGGRESSIVE;
				CLANG_WARN_UNREACHABLE_CODE = YES;
				CLANG_WARN__DUPLICATE_METHOD_MATCH = YES;
				COPY_PHASE_STRIP = NO;
				DEBUG_INFORMATION_FORMAT = dwarf;
				ENABLE_STRICT_OBJC_MSGSEND = YES;
				ENABLE_TESTABILITY = YES;
				GCC_C_LANGUAGE_STANDARD = gnu11;
				GCC_DYNAMIC_NO_PIC = NO;
				GCC_NO_COMMON_BLOCKS = YES;
				GCC_OPTIMIZATION_LEVEL = 0;
				GCC_PREPROCESSOR_DEFINITIONS = (
					"DEBUG=1",
					"$(inherited)",
				);
				GCC_WARN_64_TO_32_BIT_CONVERSION = YES;
				GCC_WARN_ABOUT_RETURN_TYPE = YES_ERROR;
				GCC_WARN_UNDECLARED_SELECTOR = YES;
				GCC_WARN_UNINITIALIZED_AUTOS = YES_AGGRESSIVE;
				GCC_WARN_UNUSED_FUNCTION = YES;
				GCC_WARN_UNUSED_VARIABLE = YES;
				IPHONEOS_DEPLOYMENT_TARGET = 14.1;
				MTL_ENABLE_DEBUG_INFO = INCLUDE_SOURCE;
				MTL_FAST_MATH = YES;
				ONLY_ACTIVE_ARCH = YES;
				SDKROOT = iphoneos;
				SWIFT_ACTIVE_COMPILATION_CONDITIONS = DEBUG;
				SWIFT_OPTIMIZATION_LEVEL = "-Onone";
			};
			name = Debug;
		};
		FA2A40FF2549A892004720EA /* Release */ = {
			isa = XCBuildConfiguration;
			buildSettings = {
				ALWAYS_SEARCH_USER_PATHS = NO;
				CLANG_ANALYZER_NONNULL = YES;
				CLANG_ANALYZER_NUMBER_OBJECT_CONVERSION = YES_AGGRESSIVE;
				CLANG_CXX_LANGUAGE_STANDARD = "gnu++14";
				CLANG_CXX_LIBRARY = "libc++";
				CLANG_ENABLE_MODULES = YES;
				CLANG_ENABLE_OBJC_ARC = YES;
				CLANG_ENABLE_OBJC_WEAK = YES;
				CLANG_WARN_BLOCK_CAPTURE_AUTORELEASING = YES;
				CLANG_WARN_BOOL_CONVERSION = YES;
				CLANG_WARN_COMMA = YES;
				CLANG_WARN_CONSTANT_CONVERSION = YES;
				CLANG_WARN_DEPRECATED_OBJC_IMPLEMENTATIONS = YES;
				CLANG_WARN_DIRECT_OBJC_ISA_USAGE = YES_ERROR;
				CLANG_WARN_DOCUMENTATION_COMMENTS = YES;
				CLANG_WARN_EMPTY_BODY = YES;
				CLANG_WARN_ENUM_CONVERSION = YES;
				CLANG_WARN_INFINITE_RECURSION = YES;
				CLANG_WARN_INT_CONVERSION = YES;
				CLANG_WARN_NON_LITERAL_NULL_CONVERSION = YES;
				CLANG_WARN_OBJC_IMPLICIT_RETAIN_SELF = YES;
				CLANG_WARN_OBJC_LITERAL_CONVERSION = YES;
				CLANG_WARN_OBJC_ROOT_CLASS = YES_ERROR;
				CLANG_WARN_QUOTED_INCLUDE_IN_FRAMEWORK_HEADER = YES;
				CLANG_WARN_RANGE_LOOP_ANALYSIS = YES;
				CLANG_WARN_STRICT_PROTOTYPES = YES;
				CLANG_WARN_SUSPICIOUS_MOVE = YES;
				CLANG_WARN_UNGUARDED_AVAILABILITY = YES_AGGRESSIVE;
				CLANG_WARN_UNREACHABLE_CODE = YES;
				CLANG_WARN__DUPLICATE_METHOD_MATCH = YES;
				COPY_PHASE_STRIP = NO;
				DEBUG_INFORMATION_FORMAT = "dwarf-with-dsym";
				ENABLE_NS_ASSERTIONS = NO;
				ENABLE_STRICT_OBJC_MSGSEND = YES;
				GCC_C_LANGUAGE_STANDARD = gnu11;
				GCC_NO_COMMON_BLOCKS = YES;
				GCC_WARN_64_TO_32_BIT_CONVERSION = YES;
				GCC_WARN_ABOUT_RETURN_TYPE = YES_ERROR;
				GCC_WARN_UNDECLARED_SELECTOR = YES;
				GCC_WARN_UNINITIALIZED_AUTOS = YES_AGGRESSIVE;
				GCC_WARN_UNUSED_FUNCTION = YES;
				GCC_WARN_UNUSED_VARIABLE = YES;
				IPHONEOS_DEPLOYMENT_TARGET = 14.1;
				MTL_ENABLE_DEBUG_INFO = NO;
				MTL_FAST_MATH = YES;
				SDKROOT = iphoneos;
				SWIFT_COMPILATION_MODE = wholemodule;
				SWIFT_OPTIMIZATION_LEVEL = "-O";
				VALIDATE_PRODUCT = YES;
			};
			name = Release;
		};
		FA2A41012549A892004720EA /* Debug */ = {
			isa = XCBuildConfiguration;
			buildSettings = {
				ASSETCATALOG_COMPILER_APPICON_NAME = AppIcon;
				ASSETCATALOG_COMPILER_GLOBAL_ACCENT_COLOR_NAME = AccentColor;
				CODE_SIGN_STYLE = Automatic;
				DEVELOPMENT_TEAM = 733W6R73TS;
				INFOPLIST_FILE = ScrollBarTransition/Info.plist;
				LD_RUNPATH_SEARCH_PATHS = (
					"$(inherited)",
					"@executable_path/Frameworks",
				);
				PRODUCT_BUNDLE_IDENTIFIER = com.testapp.NavBarCustomTest;
				PRODUCT_NAME = "$(TARGET_NAME)";
				SWIFT_VERSION = 5.0;
				TARGETED_DEVICE_FAMILY = "1,2";
			};
			name = Debug;
		};
		FA2A41022549A892004720EA /* Release */ = {
			isa = XCBuildConfiguration;
			buildSettings = {
				ASSETCATALOG_COMPILER_APPICON_NAME = AppIcon;
				ASSETCATALOG_COMPILER_GLOBAL_ACCENT_COLOR_NAME = AccentColor;
				CODE_SIGN_STYLE = Automatic;
				DEVELOPMENT_TEAM = 733W6R73TS;
				INFOPLIST_FILE = ScrollBarTransition/Info.plist;
				LD_RUNPATH_SEARCH_PATHS = (
					"$(inherited)",
					"@executable_path/Frameworks",
				);
				PRODUCT_BUNDLE_IDENTIFIER = com.testapp.NavBarCustomTest;
				PRODUCT_NAME = "$(TARGET_NAME)";
				SWIFT_VERSION = 5.0;
				TARGETED_DEVICE_FAMILY = "1,2";
			};
			name = Release;
		};
/* End XCBuildConfiguration section */

/* Begin XCConfigurationList section */
		FA2A40E72549A891004720EA /* Build configuration list for PBXProject "ScrollBarTransition" */ = {
			isa = XCConfigurationList;
			buildConfigurations = (
				FA2A40FE2549A892004720EA /* Debug */,
				FA2A40FF2549A892004720EA /* Release */,
			);
			defaultConfigurationIsVisible = 0;
			defaultConfigurationName = Release;
		};
		FA2A41002549A892004720EA /* Build configuration list for PBXNativeTarget "ScrollBarTransition" */ = {
			isa = XCConfigurationList;
			buildConfigurations = (
				FA2A41012549A892004720EA /* Debug */,
				FA2A41022549A892004720EA /* Release */,
			);
			defaultConfigurationIsVisible = 0;
			defaultConfigurationName = Release;
		};
/* End XCConfigurationList section */
	};
	rootObject = FA2A40E42549A891004720EA /* Project object */;
}
